
Microsoft Visual Studio Solution File, Format Version 12.00
# Visual Studio 15
VisualStudioVersion = 15.0.27004.2006
MinimumVisualStudioVersion = 10.0.40219.1
Project("{FAE04EC0-301F-11D3-BF4B-00C04F79EFBC}") = "MyTestSite", "MyTestSite\MyTestSite.csproj", "{6AF591A4-2B12-42BA-9D3A-BA0A23F82449}"
EndProject
Project("{FAE04EC0-301F-11D3-BF4B-00C04F79EFBC}") = "MyTestSite.Tests", "MyTestSite.Tests\MyTestSite.Tests.csproj", "{9F0290C1-4A91-444D-9584-2326C8F24157}"
EndProject
Global
	GlobalSection(SolutionConfigurationPlatforms) = preSolution
		Debug|Any CPU = Debug|Any CPU
		Release|Any CPU = Release|Any CPU
	EndGlobalSection
	GlobalSection(ProjectConfigurationPlatforms) = postSolution
		{6AF591A4-2B12-42BA-9D3A-BA0A23F82449}.Debug|Any CPU.ActiveCfg = Debug|Any CPU
		{6AF591A4-2B12-42BA-9D3A-BA0A23F82449}.Debug|Any CPU.Build.0 = Debug|Any CPU
		{6AF591A4-2B12-42BA-9D3A-BA0A23F82449}.Release|Any CPU.ActiveCfg = Release|Any CPU
		{6AF591A4-2B12-42BA-9D3A-BA0A23F82449}.Release|Any CPU.Build.0 = Release|Any CPU
		{9F0290C1-4A91-444D-9584-2326C8F24157}.Debug|Any CPU.ActiveCfg = Debug|Any CPU
		{9F0290C1-4A91-444D-9584-2326C8F24157}.Debug|Any CPU.Build.0 = Debug|Any CPU
		{9F0290C1-4A91-444D-9584-2326C8F24157}.Release|Any CPU.ActiveCfg = Release|Any CPU
		{9F0290C1-4A91-444D-9584-2326C8F24157}.Release|Any CPU.Build.0 = Release|Any CPU
	EndGlobalSection
	GlobalSection(SolutionProperties) = preSolution
		HideSolutionNode = FALSE
	EndGlobalSection
	GlobalSection(ExtensibilityGlobals) = postSolution
		SolutionGuid = {7547D246-5085-4A7B-91CF-0CED3FF1A9B8}
	EndGlobalSection
EndGlobal
